Microsoft Visual Studio Solution File, Format Version 12.00
# Visual Studio Version 17
VisualStudioVersion = 17.7.34202.233
MinimumVisualStudioVersion = 10.0.40219.1
Project("{FAE04EC0-301F-11D3-BF4B-00C04F79EFBC}") = "HorseRaceSimulator", "HorseRaceSimulator\HorseRaceSimulator.csproj", "{594379D1-675D-42FC-BF8E-C71E5D8C034A}"
EndProject
Global
	GlobalSection(SolutionConfigurationPlatforms) = preSolution
		Debug|Any CPU = Debug|Any CPU
		Release|Any CPU = Release|Any CPU
	EndGlobalSection
	GlobalSection(ProjectConfigurationPlatforms) = postSolution
		{594379D1-675D-42FC-BF8E-C71E5D8C034A}.Debug|Any CPU.ActiveCfg = Debug|Any CPU
		{594379D1-675D-42FC-BF8E-C71E5D8C034A}.Debug|Any CPU.Build.0 = Debug|Any CPU
		{594379D1-675D-42FC-BF8E-C71E5D8C034A}.Release|Any CPU.ActiveCfg = Release|Any CPU
		{594379D1-675D-42FC-BF8E-C71E5D8C034A}.Release|Any CPU.Build.0 = Release|Any CPU
	EndGlobalSection
	GlobalSection(SolutionProperties) = preSolution
		HideSolutionNode = FALSE
	EndGlobalSection
	GlobalSection(ExtensibilityGlobals) = postSolution
		SolutionGuid = {B8994A43-F701-48B5-BA01-C105C05CEADE}
	EndGlobalSection
EndGlobal
>>>>>>> 33d40d6db65dd510d0b48cac4927c6a6e869c6c2
