
Microsoft Visual Studio Solution File, Format Version 12.00
# Visual Studio Version 17
VisualStudioVersion = 17.7.34202.233
MinimumVisualStudioVersion = 10.0.40219.1
Project("{9A19103F-16F7-4668-BE54-9A1E7A4F7556}") = "Library", "Library\Library.csproj", "{62A91C06-E34C-472F-9A6F-30BEAAD492F7}"
EndProject
Project("{9A19103F-16F7-4668-BE54-9A1E7A4F7556}") = "ActualProgram", "ActualProgram\ActualProgram.csproj", "{020F3916-9632-4111-8862-29E6823D63B1}"
EndProject
Project("{FAE04EC0-301F-11D3-BF4B-00C04F79EFBC}") = "PrimeFactors-UnitTest", "PrimeFactors-UnitTest\PrimeFactors-UnitTest.csproj", "{20D9994A-9427-4957-AB54-E492223984F5}"
EndProject
Global
	GlobalSection(SolutionConfigurationPlatforms) = preSolution
		Debug|Any CPU = Debug|Any CPU
		Release|Any CPU = Release|Any CPU
	EndGlobalSection
	GlobalSection(ProjectConfigurationPlatforms) = postSolution
		{62A91C06-E34C-472F-9A6F-30BEAAD492F7}.Debug|Any CPU.ActiveCfg = Debug|Any CPU
		{62A91C06-E34C-472F-9A6F-30BEAAD492F7}.Debug|Any CPU.Build.0 = Debug|Any CPU
		{62A91C06-E34C-472F-9A6F-30BEAAD492F7}.Release|Any CPU.ActiveCfg = Release|Any CPU
		{62A91C06-E34C-472F-9A6F-30BEAAD492F7}.Release|Any CPU.Build.0 = Release|Any CPU
		{020F3916-9632-4111-8862-29E6823D63B1}.Debug|Any CPU.ActiveCfg = Debug|Any CPU
		{020F3916-9632-4111-8862-29E6823D63B1}.Debug|Any CPU.Build.0 = Debug|Any CPU
		{020F3916-9632-4111-8862-29E6823D63B1}.Release|Any CPU.ActiveCfg = Release|Any CPU
		{020F3916-9632-4111-8862-29E6823D63B1}.Release|Any CPU.Build.0 = Release|Any CPU
		{20D9994A-9427-4957-AB54-E492223984F5}.Debug|Any CPU.ActiveCfg = Debug|Any CPU
		{20D9994A-9427-4957-AB54-E492223984F5}.Debug|Any CPU.Build.0 = Debug|Any CPU
		{20D9994A-9427-4957-AB54-E492223984F5}.Release|Any CPU.ActiveCfg = Release|Any CPU
		{20D9994A-9427-4957-AB54-E492223984F5}.Release|Any CPU.Build.0 = Release|Any CPU
	EndGlobalSection
	GlobalSection(SolutionProperties) = preSolution
		HideSolutionNode = FALSE
	EndGlobalSection
	GlobalSection(ExtensibilityGlobals) = postSolution
		SolutionGuid = {B64A0BCA-A142-4B60-B4EB-C6E99320171D}
	EndGlobalSection
EndGlobal
